
Microsoft Visual Studio Solution File, Format Version 12.00
# Visual Studio Version 17
VisualStudioVersion = 17.2.32630.192
MinimumVisualStudioVersion = 10.0.40219.1
Project("{FAE04EC0-301F-11D3-BF4B-00C04F79EFBC}") = "Calculator", "Calculator.csproj", "{785C238A-8314-4D52-861E-A060EC38FBDD}"
EndProject
Global
	GlobalSection(SolutionConfigurationPlatforms) = preSolution
		Debug|Any CPU = Debug|Any CPU
		Release|Any CPU = Release|Any CPU
	EndGlobalSection
	GlobalSection(ProjectConfigurationPlatforms) = postSolution
		{785C238A-8314-4D52-861E-A060EC38FBDD}.Debug|Any CPU.ActiveCfg = Debug|Any CPU
		{785C238A-8314-4D52-861E-A060EC38FBDD}.Debug|Any CPU.Build.0 = Debug|Any CPU
		{785C238A-8314-4D52-861E-A060EC38FBDD}.Release|Any CPU.ActiveCfg = Release|Any CPU
		{785C238A-8314-4D52-861E-A060EC38FBDD}.Release|Any CPU.Build.0 = Release|Any CPU
	EndGlobalSection
	GlobalSection(SolutionProperties) = preSolution
		HideSolutionNode = FALSE
	EndGlobalSection
	GlobalSection(ExtensibilityGlobals) = postSolution
		SolutionGuid = {5FF3B568-D6E8-4B5E-A42F-B68813B5D4C9}
	EndGlobalSection
EndGlobal
